
Microsoft Visual Studio Solution File, Format Version 12.00
# Visual Studio Version 17
VisualStudioVersion = 17.4.33213.308
MinimumVisualStudioVersion = 10.0.40219.1
Project("{FAE04EC0-301F-11D3-BF4B-00C04F79EFBC}") = "APICQRS", "APICQRS\APICQRS.csproj", "{08FC74FC-0EB3-40EE-BCF3-A7D161834DCB}"
EndProject
Global
	GlobalSection(SolutionConfigurationPlatforms) = preSolution
		Debug|Any CPU = Debug|Any CPU
		Release|Any CPU = Release|Any CPU
	EndGlobalSection
	GlobalSection(ProjectConfigurationPlatforms) = postSolution
		{08FC74FC-0EB3-40EE-BCF3-A7D161834DCB}.Debug|Any CPU.ActiveCfg = Debug|Any CPU
		{08FC74FC-0EB3-40EE-BCF3-A7D161834DCB}.Debug|Any CPU.Build.0 = Debug|Any CPU
		{08FC74FC-0EB3-40EE-BCF3-A7D161834DCB}.Release|Any CPU.ActiveCfg = Release|Any CPU
		{08FC74FC-0EB3-40EE-BCF3-A7D161834DCB}.Release|Any CPU.Build.0 = Release|Any CPU
	EndGlobalSection
	GlobalSection(SolutionProperties) = preSolution
		HideSolutionNode = FALSE
	EndGlobalSection
	GlobalSection(ExtensibilityGlobals) = postSolution
		SolutionGuid = {D8476C90-DEBF-4851-818E-7424402C76DC}
	EndGlobalSection
EndGlobal
